
Microsoft Visual Studio Solution File, Format Version 12.00
Project("{2150E333-8FDC-42A3-9474-1A3956D46DE8}") = "src", "src", "{8EC37349-FB94-4BF7-83BF-97890193D1BE}"
EndProject
Project("{FAE04EC0-301F-11D3-BF4B-00C04F79EFBC}") = "Tarea5", "Tarea5\Tarea5.csproj", "{7C48E7B8-72D0-41E5-AE1E-960CAA4D4A13}"
EndProject
Project("{2150E333-8FDC-42A3-9474-1A3956D46DE8}") = "tests", "tests", "{007284ED-29BF-465B-9492-63657DA6D70D}"
EndProject
Project("{FAE04EC0-301F-11D3-BF4B-00C04F79EFBC}") = "Tarea5.Tests", "Tarea5.Tests\Tarea5.Tests.csproj", "{17374BD8-1AE8-45E0-9F7D-47579D632663}"
EndProject
Project("{2150E333-8FDC-42A3-9474-1A3956D46DE8}") = "docs", "docs", "{2614223D-DE1A-4BCD-9A41-EA07A6315C0A}"
ProjectSection(SolutionItems) = preProject
	README.md = README.md
EndProjectSection
EndProject
Global
	GlobalSection(SolutionConfigurationPlatforms) = preSolution
		Debug|Any CPU = Debug|Any CPU
		Release|Any CPU = Release|Any CPU
	EndGlobalSection
	GlobalSection(NestedProjects) = preSolution
		{7C48E7B8-72D0-41E5-AE1E-960CAA4D4A13} = {8EC37349-FB94-4BF7-83BF-97890193D1BE}
		{17374BD8-1AE8-45E0-9F7D-47579D632663} = {007284ED-29BF-465B-9492-63657DA6D70D}
	EndGlobalSection
	GlobalSection(ProjectConfigurationPlatforms) = postSolution
		{7C48E7B8-72D0-41E5-AE1E-960CAA4D4A13}.Debug|Any CPU.ActiveCfg = Debug|Any CPU
		{7C48E7B8-72D0-41E5-AE1E-960CAA4D4A13}.Debug|Any CPU.Build.0 = Debug|Any CPU
		{7C48E7B8-72D0-41E5-AE1E-960CAA4D4A13}.Release|Any CPU.ActiveCfg = Release|Any CPU
		{7C48E7B8-72D0-41E5-AE1E-960CAA4D4A13}.Release|Any CPU.Build.0 = Release|Any CPU
		{17374BD8-1AE8-45E0-9F7D-47579D632663}.Debug|Any CPU.ActiveCfg = Debug|Any CPU
		{17374BD8-1AE8-45E0-9F7D-47579D632663}.Debug|Any CPU.Build.0 = Debug|Any CPU
		{17374BD8-1AE8-45E0-9F7D-47579D632663}.Release|Any CPU.ActiveCfg = Release|Any CPU
		{17374BD8-1AE8-45E0-9F7D-47579D632663}.Release|Any CPU.Build.0 = Release|Any CPU
	EndGlobalSection
EndGlobal
